
Microsoft Visual Studio Solution File, Format Version 12.00
# Visual Studio Version 16
VisualStudioVersion = 16.0.30413.136
MinimumVisualStudioVersion = 10.0.40219.1
Project("{FAE04EC0-301F-11D3-BF4B-00C04F79EFBC}") = "ContactBook", "ContactBook.csproj", "{F9CD925C-51E4-4899-AA73-21C9FB3A2F2F}"
EndProject
Global
	GlobalSection(SolutionConfigurationPlatforms) = preSolution
		Debug|Any CPU = Debug|Any CPU
		Release|Any CPU = Release|Any CPU
	EndGlobalSection
	GlobalSection(ProjectConfigurationPlatforms) = postSolution
		{F9CD925C-51E4-4899-AA73-21C9FB3A2F2F}.Debug|Any CPU.ActiveCfg = Debug|Any CPU
		{F9CD925C-51E4-4899-AA73-21C9FB3A2F2F}.Debug|Any CPU.Build.0 = Debug|Any CPU
		{F9CD925C-51E4-4899-AA73-21C9FB3A2F2F}.Release|Any CPU.ActiveCfg = Release|Any CPU
		{F9CD925C-51E4-4899-AA73-21C9FB3A2F2F}.Release|Any CPU.Build.0 = Release|Any CPU
	EndGlobalSection
	GlobalSection(SolutionProperties) = preSolution
		HideSolutionNode = FALSE
	EndGlobalSection
	GlobalSection(ExtensibilityGlobals) = postSolution
		SolutionGuid = {80989653-EFAF-4E75-A85E-F8E8778AA39D}
	EndGlobalSection
EndGlobal
